
Microsoft Visual Studio Solution File, Format Version 12.00
# Visual Studio Version 16
VisualStudioVersion = 16.0.29728.190
MinimumVisualStudioVersion = 10.0.40219.1
Project("{2150E333-8FDC-42A3-9474-1A3956D46DE8}") = "BusinessLogicLayer", "BusinessLogicLayer", "{2E598303-B052-4991-812B-D75C66833559}"
EndProject
Project("{2150E333-8FDC-42A3-9474-1A3956D46DE8}") = "DataAccessLayer", "DataAccessLayer", "{8A7CF350-7D00-486B-9625-2C33CD1BBEE7}"
EndProject
Project("{2150E333-8FDC-42A3-9474-1A3956D46DE8}") = "PresentationLayer", "PresentationLayer", "{0DFBE53E-A020-4C6E-8A64-AA6E3918B6F5}"
EndProject
Project("{2150E333-8FDC-42A3-9474-1A3956D46DE8}") = "Common", "Common", "{401CC4A8-FB58-400E-A578-E4A77503004A}"
EndProject
Project("{9A19103F-16F7-4668-BE54-9A1E7A4F7556}") = "Post.Model", "Post.Model\Post.Model.csproj", "{B99DC028-0B00-4BFF-8807-5A577873EEA1}"
EndProject
Project("{9A19103F-16F7-4668-BE54-9A1E7A4F7556}") = "Post.IDAL", "Post.IDAL\Post.IDAL.csproj", "{1C98CAA1-C227-4839-81EF-93A738DE7438}"
EndProject
Project("{9A19103F-16F7-4668-BE54-9A1E7A4F7556}") = "Post.BLL", "Post.BLL\Post.BLL.csproj", "{46CCB24F-1BD6-4AE0-AA75-69716B38C036}"
EndProject
Project("{9A19103F-16F7-4668-BE54-9A1E7A4F7556}") = "Post.MVC6", "Post.MVC6\Post.MVC6.csproj", "{A73D5146-A24C-4BD5-A3FA-EFF5087EB916}"
EndProject
Project("{FAE04EC0-301F-11D3-BF4B-00C04F79EFBC}") = "Post.DAL", "Post.DAL\Post.DAL.csproj", "{F268C1B1-C99F-458D-A691-CA4DE5565598}"
EndProject
Project("{FAE04EC0-301F-11D3-BF4B-00C04F79EFBC}") = "IdentityTest", "IdentityTest\IdentityTest.csproj", "{466C63BA-8E23-4F63-8AEE-BA24E262147C}"
EndProject
Global
	GlobalSection(SolutionConfigurationPlatforms) = preSolution
		Debug|Any CPU = Debug|Any CPU
		Release|Any CPU = Release|Any CPU
	EndGlobalSection
	GlobalSection(ProjectConfigurationPlatforms) = postSolution
		{B99DC028-0B00-4BFF-8807-5A577873EEA1}.Debug|Any CPU.ActiveCfg = Debug|Any CPU
		{B99DC028-0B00-4BFF-8807-5A577873EEA1}.Debug|Any CPU.Build.0 = Debug|Any CPU
		{B99DC028-0B00-4BFF-8807-5A577873EEA1}.Release|Any CPU.ActiveCfg = Release|Any CPU
		{B99DC028-0B00-4BFF-8807-5A577873EEA1}.Release|Any CPU.Build.0 = Release|Any CPU
		{1C98CAA1-C227-4839-81EF-93A738DE7438}.Debug|Any CPU.ActiveCfg = Debug|Any CPU
		{1C98CAA1-C227-4839-81EF-93A738DE7438}.Debug|Any CPU.Build.0 = Debug|Any CPU
		{1C98CAA1-C227-4839-81EF-93A738DE7438}.Release|Any CPU.ActiveCfg = Release|Any CPU
		{1C98CAA1-C227-4839-81EF-93A738DE7438}.Release|Any CPU.Build.0 = Release|Any CPU
		{46CCB24F-1BD6-4AE0-AA75-69716B38C036}.Debug|Any CPU.ActiveCfg = Debug|Any CPU
		{46CCB24F-1BD6-4AE0-AA75-69716B38C036}.Debug|Any CPU.Build.0 = Debug|Any CPU
		{46CCB24F-1BD6-4AE0-AA75-69716B38C036}.Release|Any CPU.ActiveCfg = Release|Any CPU
		{46CCB24F-1BD6-4AE0-AA75-69716B38C036}.Release|Any CPU.Build.0 = Release|Any CPU
		{A73D5146-A24C-4BD5-A3FA-EFF5087EB916}.Debug|Any CPU.ActiveCfg = Debug|Any CPU
		{A73D5146-A24C-4BD5-A3FA-EFF5087EB916}.Debug|Any CPU.Build.0 = Debug|Any CPU
		{A73D5146-A24C-4BD5-A3FA-EFF5087EB916}.Release|Any CPU.ActiveCfg = Release|Any CPU
		{A73D5146-A24C-4BD5-A3FA-EFF5087EB916}.Release|Any CPU.Build.0 = Release|Any CPU
		{F268C1B1-C99F-458D-A691-CA4DE5565598}.Debug|Any CPU.ActiveCfg = Debug|Any CPU
		{F268C1B1-C99F-458D-A691-CA4DE5565598}.Debug|Any CPU.Build.0 = Debug|Any CPU
		{F268C1B1-C99F-458D-A691-CA4DE5565598}.Release|Any CPU.ActiveCfg = Release|Any CPU
		{F268C1B1-C99F-458D-A691-CA4DE5565598}.Release|Any CPU.Build.0 = Release|Any CPU
		{466C63BA-8E23-4F63-8AEE-BA24E262147C}.Debug|Any CPU.ActiveCfg = Debug|Any CPU
		{466C63BA-8E23-4F63-8AEE-BA24E262147C}.Debug|Any CPU.Build.0 = Debug|Any CPU
		{466C63BA-8E23-4F63-8AEE-BA24E262147C}.Release|Any CPU.ActiveCfg = Release|Any CPU
		{466C63BA-8E23-4F63-8AEE-BA24E262147C}.Release|Any CPU.Build.0 = Release|Any CPU
	EndGlobalSection
	GlobalSection(SolutionProperties) = preSolution
		HideSolutionNode = FALSE
	EndGlobalSection
	GlobalSection(NestedProjects) = preSolution
		{B99DC028-0B00-4BFF-8807-5A577873EEA1} = {401CC4A8-FB58-400E-A578-E4A77503004A}
		{1C98CAA1-C227-4839-81EF-93A738DE7438} = {8A7CF350-7D00-486B-9625-2C33CD1BBEE7}
		{46CCB24F-1BD6-4AE0-AA75-69716B38C036} = {2E598303-B052-4991-812B-D75C66833559}
		{A73D5146-A24C-4BD5-A3FA-EFF5087EB916} = {0DFBE53E-A020-4C6E-8A64-AA6E3918B6F5}
		{F268C1B1-C99F-458D-A691-CA4DE5565598} = {8A7CF350-7D00-486B-9625-2C33CD1BBEE7}
		{466C63BA-8E23-4F63-8AEE-BA24E262147C} = {0DFBE53E-A020-4C6E-8A64-AA6E3918B6F5}
	EndGlobalSection
	GlobalSection(ExtensibilityGlobals) = postSolution
		SolutionGuid = {56B2A6FD-68F8-4C49-8B56-E7F7DEF2E208}
	EndGlobalSection
EndGlobal
